
Microsoft Visual Studio Solution File, Format Version 12.00
# Visual Studio Version 17
VisualStudioVersion = 17.1.32228.430
MinimumVisualStudioVersion = 10.0.40219.1
Project("{FAE04EC0-301F-11D3-BF4B-00C04F79EFBC}") = "Projekt - biblioteki graficzne", "Projekt - biblioteki graficzne\Projekt - biblioteki graficzne.csproj", "{D3BF000A-C1F8-463C-89C3-F348805A582D}"
EndProject
Global
	GlobalSection(SolutionConfigurationPlatforms) = preSolution
		Debug|Any CPU = Debug|Any CPU
		Release|Any CPU = Release|Any CPU
	EndGlobalSection
	GlobalSection(ProjectConfigurationPlatforms) = postSolution
		{D3BF000A-C1F8-463C-89C3-F348805A582D}.Debug|Any CPU.ActiveCfg = Debug|Any CPU
		{D3BF000A-C1F8-463C-89C3-F348805A582D}.Debug|Any CPU.Build.0 = Debug|Any CPU
		{D3BF000A-C1F8-463C-89C3-F348805A582D}.Release|Any CPU.ActiveCfg = Release|Any CPU
		{D3BF000A-C1F8-463C-89C3-F348805A582D}.Release|Any CPU.Build.0 = Release|Any CPU
	EndGlobalSection
	GlobalSection(SolutionProperties) = preSolution
		HideSolutionNode = FALSE
	EndGlobalSection
	GlobalSection(ExtensibilityGlobals) = postSolution
		SolutionGuid = {013B9F96-D176-45C2-9D42-A22B07A4C834}
	EndGlobalSection
EndGlobal
